
Microsoft Visual Studio Solution File, Format Version 12.00
# Visual Studio Version 17
VisualStudioVersion = 17.14.36221.1 d17.14
MinimumVisualStudioVersion = 10.0.40219.1
Project("{FAE04EC0-301F-11D3-BF4B-00C04F79EFBC}") = "3_WebApi_Handson", "3_WebApi_Handson\3_WebApi_Handson.csproj", "{81B06442-4380-4594-B4BB-34FD3C7A45C6}"
EndProject
Global
	GlobalSection(SolutionConfigurationPlatforms) = preSolution
		Debug|Any CPU = Debug|Any CPU
		Release|Any CPU = Release|Any CPU
	EndGlobalSection
	GlobalSection(ProjectConfigurationPlatforms) = postSolution
		{81B06442-4380-4594-B4BB-34FD3C7A45C6}.Debug|Any CPU.ActiveCfg = Debug|Any CPU
		{81B06442-4380-4594-B4BB-34FD3C7A45C6}.Debug|Any CPU.Build.0 = Debug|Any CPU
		{81B06442-4380-4594-B4BB-34FD3C7A45C6}.Release|Any CPU.ActiveCfg = Release|Any CPU
		{81B06442-4380-4594-B4BB-34FD3C7A45C6}.Release|Any CPU.Build.0 = Release|Any CPU
	EndGlobalSection
	GlobalSection(SolutionProperties) = preSolution
		HideSolutionNode = FALSE
	EndGlobalSection
	GlobalSection(ExtensibilityGlobals) = postSolution
		SolutionGuid = {3B4495CC-2BE6-4FBE-BC22-4EF8D935A682}
	EndGlobalSection
EndGlobal
